{
  "name": "mobauth",
  "version": "0.0.1",
  "lockfileVersion": 1,
  "requires": true,
  "dependencies": {
    "@capacitor/core": {
      "version": "1.4.0",
      "resolved": "https://registry.npmjs.org/@capacitor/core/-/core-1.4.0.tgz",
      "integrity": "sha512-9cLk6f8A2BjSh9KTItAOXGFSS9ZsVReMUACWw+1lEHsSk5kdPbp0oQ8c1kOX36LlHeBKi/EPSs8dXNedNHyHQA==",
      "optional": true,
      "requires": {
        "tslib": "^1.9.0"
      }
    },
    "@ionic-native/core": {
      "version": "5.19.0",
      "resolved": "https://registry.npmjs.org/@ionic-native/core/-/core-5.19.0.tgz",
      "integrity": "sha512-NLlMHYq2ruTw6IML+w4vkTBZAKZB9Xq6Z8E08KmzlHGzFAXjHlGz6tlYUhwKMEpRHkcTZry/RH9kbeO+um4unQ==",
      "optional": true,
      "requires": {
        "@types/cordova": "^0.0.34"
      }
    },
    "@ionic-native/http": {
      "version": "5.19.0",
      "resolved": "https://registry.npmjs.org/@ionic-native/http/-/http-5.19.0.tgz",
      "integrity": "sha512-cD1Dxl9MEqtPRXrsYkPV75FxhUTzO3EdMdIWmMj+8dXFQoxItyVYUjedLUTdNJl7C/PVuXau59HjOvvT0Yfwrw==",
      "optional": true,
      "requires": {
        "@types/cordova": "^0.0.34"
      }
    },
    "@ionic-native/in-app-browser": {
      "version": "5.19.0",
      "resolved": "https://registry.npmjs.org/@ionic-native/in-app-browser/-/in-app-browser-5.19.0.tgz",
      "integrity": "sha512-pgOgmvYiGiYZgt2EYENWVgB4d0XrMmtLfahmTBX4CFRjPxxgCRLtdmVTYM1ubSrddPC0qBorm4hzV8Iyd928gQ==",
      "optional": true,
      "requires": {
        "@types/cordova": "^0.0.34"
      }
    },
    "@ionic-native/safari-view-controller": {
      "version": "5.19.0",
      "resolved": "https://registry.npmjs.org/@ionic-native/safari-view-controller/-/safari-view-controller-5.19.0.tgz",
      "integrity": "sha512-JMP1X0FQDMq2wAbmQXapYmvvnz0n1+UH9HR5hgQo19hi44qq7+boUJMFh0+N1U8yEZlDxSrImZLFshI5pBNKvw==",
      "optional": true,
      "requires": {
        "@types/cordova": "^0.0.34"
      }
    },
    "@ionic-native/secure-storage": {
      "version": "5.19.0",
      "resolved": "https://registry.npmjs.org/@ionic-native/secure-storage/-/secure-storage-5.19.0.tgz",
      "integrity": "sha512-sKlvRKrRmqhO1nW2x+PJXLQ00uKMRpAm2iibe54kRAvMChVAExkkQ6YsOsy2HnsHcdSbDUBVHeKX7McoEoiU/g==",
      "optional": true,
      "requires": {
        "@types/cordova": "^0.0.34"
      }
    },
    "@ionic/angular": {
      "version": "4.11.7",
      "resolved": "https://registry.npmjs.org/@ionic/angular/-/angular-4.11.7.tgz",
      "integrity": "sha512-0p1rC2syj02vT0GNMiJOFvE1hmB93knDyfpfijnRbiwV6trfnV1ZoufopU2FbPWIn/IN/rRc5pdUSQwZDPUm1Q==",
      "requires": {
        "@ionic/core": "4.11.7",
        "tslib": "^1.9.3"
      }
    },
    "@ionic/core": {
      "version": "4.11.7",
      "resolved": "https://registry.npmjs.org/@ionic/core/-/core-4.11.7.tgz",
      "integrity": "sha512-cYHFO703o51JvDqbYoCK1Ifd6M6wr+sFn38R5jTlkAYGueltq+GjsvQXzPqc7x2mx+yhTbo+Lf20XdpM+4mpVA==",
      "requires": {
        "ionicons": "^4.6.3",
        "tslib": "^1.10.0"
      }
    },
    "@ionic/storage": {
      "version": "2.2.0",
      "resolved": "https://registry.npmjs.org/@ionic/storage/-/storage-2.2.0.tgz",
      "integrity": "sha512-2pszrzmI+fAar2Rx0WmJDVpc15D1k5tvLkB49NLYWJ2pOMaO/3/vp7mg/mEbg3rdsPE9FRbYI6vdKjQ2pP1EWA==",
      "requires": {
        "localforage": "1.7.1",
        "localforage-cordovasqlitedriver": "1.7.0",
        "tslib": "^1.7.1"
      }
    },
    "@openid/appauth": {
      "version": "1.2.6",
      "resolved": "https://registry.npmjs.org/@openid/appauth/-/appauth-1.2.6.tgz",
      "integrity": "sha512-DIK2QLmeCjj0psK82YcmjtDLIJFeBTSl4cVdfJaetXXhhmnKtWXDnlSKpJUwVRcdDE7LNDIv8TO0HbyemjVuaw==",
      "requires": {
        "@types/base64-js": "^1.2.5",
        "@types/jquery": "^3.3.31",
        "base64-js": "^1.3.1",
        "follow-redirects": "^1.8.1",
        "form-data": "^2.5.1",
        "opener": "^1.5.1"
      }
    },
    "@types/base64-js": {
      "version": "1.2.5",
      "resolved": "https://registry.npmjs.org/@types/base64-js/-/base64-js-1.2.5.tgz",
      "integrity": "sha1-WCskdhaabLpGCiFNR2x0REHYc9U="
    },
    "@types/cordova": {
      "version": "0.0.34",
      "resolved": "https://registry.npmjs.org/@types/cordova/-/cordova-0.0.34.tgz",
      "integrity": "sha1-6nrd907Ow9dimCegw54smt3HPQQ=",
      "optional": true
    },
    "@types/jquery": {
      "version": "3.3.31",
      "resolved": "https://registry.npmjs.org/@types/jquery/-/jquery-3.3.31.tgz",
      "integrity": "sha512-Lz4BAJihoFw5nRzKvg4nawXPzutkv7wmfQ5121avptaSIXlDNJCUuxZxX/G+9EVidZGuO0UBlk+YjKbwRKJigg==",
      "requires": {
        "@types/sizzle": "*"
      }
    },
    "@types/sizzle": {
      "version": "2.3.2",
      "resolved": "https://registry.npmjs.org/@types/sizzle/-/sizzle-2.3.2.tgz",
      "integrity": "sha512-7EJYyKTL7tFR8+gDbB6Wwz/arpGa0Mywk1TJbNzKzHtzbwVmY4HR9WqS5VV7dsBUKQmPNr192jHr/VpBluj/hg=="
    },
    "asynckit": {
      "version": "0.4.0",
      "resolved": "https://registry.npmjs.org/asynckit/-/asynckit-0.4.0.tgz",
      "integrity": "sha1-x57Zf380y48robyXkLzDZkdLS3k="
    },
    "base64-js": {
      "version": "1.3.1",
      "resolved": "https://registry.npmjs.org/base64-js/-/base64-js-1.3.1.tgz",
      "integrity": "sha512-mLQ4i2QO1ytvGWFWmcngKO//JXAQueZvwEKtjgQFM4jIK0kU+ytMfplL8j+n5mspOfjHwoAg+9yhb7BwAHm36g=="
    },
    "combined-stream": {
      "version": "1.0.8",
      "resolved": "https://registry.npmjs.org/combined-stream/-/combined-stream-1.0.8.tgz",
      "integrity": "sha512-FQN4MRfuJeHf7cBbBMJFXhKSDq+2kAArBlmRBvcvFE5BB1HZKXtSFASDhdlz9zOYwxh8lDdnvmMOe/+5cdoEdg==",
      "requires": {
        "delayed-stream": "~1.0.0"
      }
    },
    "debug": {
      "version": "3.2.6",
      "resolved": "https://registry.npmjs.org/debug/-/debug-3.2.6.tgz",
      "integrity": "sha512-mel+jf7nrtEl5Pn1Qx46zARXKDpBbvzezse7p7LqINmdoIk8PYP5SySaxEmYv6TZ0JyEKA1hsCId6DIhgITtWQ==",
      "requires": {
        "ms": "^2.1.1"
      }
    },
    "delayed-stream": {
      "version": "1.0.0",
      "resolved": "https://registry.npmjs.org/delayed-stream/-/delayed-stream-1.0.0.tgz",
      "integrity": "sha1-3zrhmayt+31ECqrgsp4icrJOxhk="
    },
    "follow-redirects": {
      "version": "1.9.0",
      "resolved": "https://registry.npmjs.org/follow-redirects/-/follow-redirects-1.9.0.tgz",
      "integrity": "sha512-CRcPzsSIbXyVDl0QI01muNDu69S8trU4jArW9LpOt2WtC6LyUJetcIrmfHsRBx7/Jb6GHJUiuqyYxPooFfNt6A==",
      "requires": {
        "debug": "^3.0.0"
      }
    },
    "form-data": {
      "version": "2.5.1",
      "resolved": "https://registry.npmjs.org/form-data/-/form-data-2.5.1.tgz",
      "integrity": "sha512-m21N3WOmEEURgk6B9GLOE4RuWOFf28Lhh9qGYeNlGq4VDXUlJy2th2slBNU8Gp8EzloYZOibZJ7t5ecIrFSjVA==",
      "requires": {
        "asynckit": "^0.4.0",
        "combined-stream": "^1.0.6",
        "mime-types": "^2.1.12"
      }
    },
    "immediate": {
      "version": "3.0.6",
      "resolved": "https://registry.npmjs.org/immediate/-/immediate-3.0.6.tgz",
      "integrity": "sha1-nbHb0Pr43m++D13V5Wu2BigN5ps="
    },
    "ionic-appauth": {
      "version": "0.4.4",
      "resolved": "https://registry.npmjs.org/ionic-appauth/-/ionic-appauth-0.4.4.tgz",
      "integrity": "sha512-7YoM2tZYPGj4jlMRqKNFyymlWDzgeuQyi0cmlKQAlSwAqX1h8m+t7Pmra96NM2WOCdmte0rfrAZwRD5LJNgDWg==",
      "requires": {
        "@capacitor/core": "^1.0.0-beta.19",
        "@ionic-native/core": "^5.3.0",
        "@ionic-native/http": "^5.3.0",
        "@ionic-native/in-app-browser": "^5.3.0",
        "@ionic-native/safari-view-controller": "^5.3.0",
        "@ionic-native/secure-storage": "^5.3.0",
        "@openid/appauth": "^1.2.2"
      }
    },
    "ionicons": {
      "version": "4.6.3",
      "resolved": "https://registry.npmjs.org/ionicons/-/ionicons-4.6.3.tgz",
      "integrity": "sha512-cgP+VIr2cTJpMfFyVHTerq6n2jeoiGboVoe3GlaAo5zoSBDAEXORwUZhv6m+lCyxlsHCS3nqPUE+MKyZU71t8Q=="
    },
    "jwt-decode": {
      "version": "2.2.0",
      "resolved": "https://registry.npmjs.org/jwt-decode/-/jwt-decode-2.2.0.tgz",
      "integrity": "sha1-fYa9VmefWM5qhHBKZX3TkruoGnk="
    },
    "lie": {
      "version": "3.1.1",
      "resolved": "https://registry.npmjs.org/lie/-/lie-3.1.1.tgz",
      "integrity": "sha1-mkNrLMd0bKWd56QfpGmz77dr2H4=",
      "requires": {
        "immediate": "~3.0.5"
      }
    },
    "localforage": {
      "version": "1.7.1",
      "resolved": "https://registry.npmjs.org/localforage/-/localforage-1.7.1.tgz",
      "integrity": "sha1-5JJ+BCMCuGTbMPMhHxO1xvDell0=",
      "requires": {
        "lie": "3.1.1"
      }
    },
    "localforage-cordovasqlitedriver": {
      "version": "1.7.0",
      "resolved": "https://registry.npmjs.org/localforage-cordovasqlitedriver/-/localforage-cordovasqlitedriver-1.7.0.tgz",
      "integrity": "sha1-i5OVd1nuaI06WNW6fAR39sy1ODg=",
      "requires": {
        "localforage": ">=1.5.0"
      }
    },
    "mime-db": {
      "version": "1.42.0",
      "resolved": "https://registry.npmjs.org/mime-db/-/mime-db-1.42.0.tgz",
      "integrity": "sha512-UbfJCR4UAVRNgMpfImz05smAXK7+c+ZntjaA26ANtkXLlOe947Aag5zdIcKQULAiF9Cq4WxBi9jUs5zkA84bYQ=="
    },
    "mime-types": {
      "version": "2.1.25",
      "resolved": "https://registry.npmjs.org/mime-types/-/mime-types-2.1.25.tgz",
      "integrity": "sha512-5KhStqB5xpTAeGqKBAMgwaYMnQik7teQN4IAzC7npDv6kzeU6prfkR67bc87J1kWMPGkoaZSq1npmexMgkmEVg==",
      "requires": {
        "mime-db": "1.42.0"
      }
    },
    "ms": {
      "version": "2.1.2",
      "resolved": "https://registry.npmjs.org/ms/-/ms-2.1.2.tgz",
      "integrity": "sha512-sGkPx+VjMtmA6MX27oA4FBFELFCZZ4S4XqeGOXCv68tT+jb3vk/RyaKWP0PTKyWtmLSM0b+adUTEvbs1PEaH2w=="
    },
    "opener": {
      "version": "1.5.1",
      "resolved": "https://registry.npmjs.org/opener/-/opener-1.5.1.tgz",
      "integrity": "sha512-goYSy5c2UXE4Ra1xixabeVh1guIX/ZV/YokJksb6q2lubWu6UbvPQ20p542/sFIll1nl8JnCyK9oBaOcCWXwvA=="
    },
    "tslib": {
      "version": "1.10.0",
      "resolved": "https://registry.npmjs.org/tslib/-/tslib-1.10.0.tgz",
      "integrity": "sha512-qOebF53frne81cf0S9B41ByenJ3/IuH8yJKngAX35CmiZySA0khhkovshKK+jGCaMnVomla7gVlIcc3EvKPbTQ=="
    }
  }
}
